
Microsoft Visual Studio Solution File, Format Version 12.00
# Visual Studio Express 2012 for Web
Project("{F184B08F-C81C-45F6-A57F-5ABD9991F28F}") = "MvcMovie", "MvcMovie\MvcMovie.vbproj", "{395338C8-3599-426D-8C4F-3D61499F5A1F}"
EndProject
Project("{F184B08F-C81C-45F6-A57F-5ABD9991F28F}") = "MvcMovie.Tests", "MvcMovie.Tests\MvcMovie.Tests.vbproj", "{6261F3F3-9694-4EE9-AC5F-24EA5273EC7D}"
EndProject
Global
	GlobalSection(SolutionConfigurationPlatforms) = preSolution
		Debug|Any CPU = Debug|Any CPU
		Release|Any CPU = Release|Any CPU
	EndGlobalSection
	GlobalSection(ProjectConfigurationPlatforms) = postSolution
		{395338C8-3599-426D-8C4F-3D61499F5A1F}.Debug|Any CPU.ActiveCfg = Debug|Any CPU
		{395338C8-3599-426D-8C4F-3D61499F5A1F}.Debug|Any CPU.Build.0 = Debug|Any CPU
		{395338C8-3599-426D-8C4F-3D61499F5A1F}.Release|Any CPU.ActiveCfg = Release|Any CPU
		{395338C8-3599-426D-8C4F-3D61499F5A1F}.Release|Any CPU.Build.0 = Release|Any CPU
		{6261F3F3-9694-4EE9-AC5F-24EA5273EC7D}.Debug|Any CPU.ActiveCfg = Debug|Any CPU
		{6261F3F3-9694-4EE9-AC5F-24EA5273EC7D}.Debug|Any CPU.Build.0 = Debug|Any CPU
		{6261F3F3-9694-4EE9-AC5F-24EA5273EC7D}.Release|Any CPU.ActiveCfg = Release|Any CPU
		{6261F3F3-9694-4EE9-AC5F-24EA5273EC7D}.Release|Any CPU.Build.0 = Release|Any CPU
	EndGlobalSection
	GlobalSection(SolutionProperties) = preSolution
		HideSolutionNode = FALSE
	EndGlobalSection
EndGlobal
