
Microsoft Visual Studio Solution File, Format Version 12.00
# Visual Studio Express 2012 for Web
Project("{F184B08F-C81C-45F6-A57F-5ABD9991F28F}") = "MvcMovie", "MvcMovie\MvcMovie.vbproj", "{B1C855AA-C319-4415-AEAA-2EE4E0C9F730}"
EndProject
Project("{F184B08F-C81C-45F6-A57F-5ABD9991F28F}") = "MvcMovie.Tests", "MvcMovie.Tests\MvcMovie.Tests.vbproj", "{09C85371-105E-46CA-8BAD-303F4B43E6AF}"
EndProject
Global
	GlobalSection(SolutionConfigurationPlatforms) = preSolution
		Debug|Any CPU = Debug|Any CPU
		Release|Any CPU = Release|Any CPU
	EndGlobalSection
	GlobalSection(ProjectConfigurationPlatforms) = postSolution
		{B1C855AA-C319-4415-AEAA-2EE4E0C9F730}.Debug|Any CPU.ActiveCfg = Debug|Any CPU
		{B1C855AA-C319-4415-AEAA-2EE4E0C9F730}.Debug|Any CPU.Build.0 = Debug|Any CPU
		{B1C855AA-C319-4415-AEAA-2EE4E0C9F730}.Release|Any CPU.ActiveCfg = Release|Any CPU
		{B1C855AA-C319-4415-AEAA-2EE4E0C9F730}.Release|Any CPU.Build.0 = Release|Any CPU
		{09C85371-105E-46CA-8BAD-303F4B43E6AF}.Debug|Any CPU.ActiveCfg = Debug|Any CPU
		{09C85371-105E-46CA-8BAD-303F4B43E6AF}.Debug|Any CPU.Build.0 = Debug|Any CPU
		{09C85371-105E-46CA-8BAD-303F4B43E6AF}.Release|Any CPU.ActiveCfg = Release|Any CPU
		{09C85371-105E-46CA-8BAD-303F4B43E6AF}.Release|Any CPU.Build.0 = Release|Any CPU
	EndGlobalSection
	GlobalSection(SolutionProperties) = preSolution
		HideSolutionNode = FALSE
	EndGlobalSection
EndGlobal
